
Microsoft Visual Studio Solution File, Format Version 12.00
# Visual Studio Version 16
VisualStudioVersion = 16.0.30717.126
MinimumVisualStudioVersion = 10.0.40219.1
Project("{9A19103F-16F7-4668-BE54-9A1E7A4F7556}") = "Bot", "Bot.csproj", "{BA7302D3-CCFF-4F16-9FD0-2424964AC056}"
EndProject
Global
	GlobalSection(SolutionConfigurationPlatforms) = preSolution
		Debug|Any CPU = Debug|Any CPU
		Release|Any CPU = Release|Any CPU
	EndGlobalSection
	GlobalSection(ProjectConfigurationPlatforms) = postSolution
		{BA7302D3-CCFF-4F16-9FD0-2424964AC056}.Debug|Any CPU.ActiveCfg = Debug|Any CPU
		{BA7302D3-CCFF-4F16-9FD0-2424964AC056}.Debug|Any CPU.Build.0 = Debug|Any CPU
		{BA7302D3-CCFF-4F16-9FD0-2424964AC056}.Release|Any CPU.ActiveCfg = Release|Any CPU
		{BA7302D3-CCFF-4F16-9FD0-2424964AC056}.Release|Any CPU.Build.0 = Release|Any CPU
	EndGlobalSection
	GlobalSection(SolutionProperties) = preSolution
		HideSolutionNode = FALSE
	EndGlobalSection
	GlobalSection(ExtensibilityGlobals) = postSolution
		SolutionGuid = {B7D2301F-BCB9-4CB5-BA17-EF82466566BC}
	EndGlobalSection
EndGlobal
